
Microsoft Visual Studio Solution File, Format Version 12.00
# Visual Studio Version 17
VisualStudioVersion = 17.8.34408.163
MinimumVisualStudioVersion = 10.0.40219.1
Project("{FAE04EC0-301F-11D3-BF4B-00C04F79EFBC}") = "Notes", "Notes\Notes.csproj", "{8F6494BB-3958-4463-8204-AC1E36A0F083}"
EndProject
Project("{FAE04EC0-301F-11D3-BF4B-00C04F79EFBC}") = "Movies.API", "Movies.API\Movies.API.csproj", "{B1F0AB8B-9EBC-4593-A373-2F3F748C1F58}"
EndProject
Project("{FAE04EC0-301F-11D3-BF4B-00C04F79EFBC}") = "Movies.Core", "Movies.Core\Movies.Core.csproj", "{3BDD9957-B36D-4E10-ABD1-1EAB07AB08C1}"
EndProject
Project("{FAE04EC0-301F-11D3-BF4B-00C04F79EFBC}") = "Movies.Application", "Movies.Application\Movies.Application.csproj", "{8EA081EC-0C82-41DF-923A-B9718A28875C}"
EndProject
Project("{FAE04EC0-301F-11D3-BF4B-00C04F79EFBC}") = "Movies.Infrastructure", "Movies.Infrastructure\Movies.Infrastructure.csproj", "{850BA725-86AB-4AE1-9983-2181C4A45528}"
EndProject
Global
	GlobalSection(SolutionConfigurationPlatforms) = preSolution
		Debug|Any CPU = Debug|Any CPU
		Release|Any CPU = Release|Any CPU
	EndGlobalSection
	GlobalSection(ProjectConfigurationPlatforms) = postSolution
		{8F6494BB-3958-4463-8204-AC1E36A0F083}.Debug|Any CPU.ActiveCfg = Debug|Any CPU
		{8F6494BB-3958-4463-8204-AC1E36A0F083}.Debug|Any CPU.Build.0 = Debug|Any CPU
		{8F6494BB-3958-4463-8204-AC1E36A0F083}.Release|Any CPU.ActiveCfg = Release|Any CPU
		{8F6494BB-3958-4463-8204-AC1E36A0F083}.Release|Any CPU.Build.0 = Release|Any CPU
		{B1F0AB8B-9EBC-4593-A373-2F3F748C1F58}.Debug|Any CPU.ActiveCfg = Debug|Any CPU
		{B1F0AB8B-9EBC-4593-A373-2F3F748C1F58}.Debug|Any CPU.Build.0 = Debug|Any CPU
		{B1F0AB8B-9EBC-4593-A373-2F3F748C1F58}.Release|Any CPU.ActiveCfg = Release|Any CPU
		{B1F0AB8B-9EBC-4593-A373-2F3F748C1F58}.Release|Any CPU.Build.0 = Release|Any CPU
		{3BDD9957-B36D-4E10-ABD1-1EAB07AB08C1}.Debug|Any CPU.ActiveCfg = Debug|Any CPU
		{3BDD9957-B36D-4E10-ABD1-1EAB07AB08C1}.Debug|Any CPU.Build.0 = Debug|Any CPU
		{3BDD9957-B36D-4E10-ABD1-1EAB07AB08C1}.Release|Any CPU.ActiveCfg = Release|Any CPU
		{3BDD9957-B36D-4E10-ABD1-1EAB07AB08C1}.Release|Any CPU.Build.0 = Release|Any CPU
		{8EA081EC-0C82-41DF-923A-B9718A28875C}.Debug|Any CPU.ActiveCfg = Debug|Any CPU
		{8EA081EC-0C82-41DF-923A-B9718A28875C}.Debug|Any CPU.Build.0 = Debug|Any CPU
		{8EA081EC-0C82-41DF-923A-B9718A28875C}.Release|Any CPU.ActiveCfg = Release|Any CPU
		{8EA081EC-0C82-41DF-923A-B9718A28875C}.Release|Any CPU.Build.0 = Release|Any CPU
		{850BA725-86AB-4AE1-9983-2181C4A45528}.Debug|Any CPU.ActiveCfg = Debug|Any CPU
		{850BA725-86AB-4AE1-9983-2181C4A45528}.Debug|Any CPU.Build.0 = Debug|Any CPU
		{850BA725-86AB-4AE1-9983-2181C4A45528}.Release|Any CPU.ActiveCfg = Release|Any CPU
		{850BA725-86AB-4AE1-9983-2181C4A45528}.Release|Any CPU.Build.0 = Release|Any CPU
	EndGlobalSection
	GlobalSection(SolutionProperties) = preSolution
		HideSolutionNode = FALSE
	EndGlobalSection
	GlobalSection(ExtensibilityGlobals) = postSolution
		SolutionGuid = {07A586F8-1DE7-48DA-A7F4-D24ABB2D3299}
	EndGlobalSection
EndGlobal
